
Microsoft Visual Studio Solution File, Format Version 12.00
# Visual Studio Version 17
VisualStudioVersion = 17.2.32616.157
MinimumVisualStudioVersion = 10.0.40219.1
Project("{FAE04EC0-301F-11D3-BF4B-00C04F79EFBC}") = "Names1", "Names1\Names1.csproj", "{BC38E34B-C32C-4225-8C76-75192EE9DD94}"
EndProject
Global
	GlobalSection(SolutionConfigurationPlatforms) = preSolution
		Debug|Any CPU = Debug|Any CPU
		Release|Any CPU = Release|Any CPU
	EndGlobalSection
	GlobalSection(ProjectConfigurationPlatforms) = postSolution
		{BC38E34B-C32C-4225-8C76-75192EE9DD94}.Debug|Any CPU.ActiveCfg = Debug|Any CPU
		{BC38E34B-C32C-4225-8C76-75192EE9DD94}.Debug|Any CPU.Build.0 = Debug|Any CPU
		{BC38E34B-C32C-4225-8C76-75192EE9DD94}.Release|Any CPU.ActiveCfg = Release|Any CPU
		{BC38E34B-C32C-4225-8C76-75192EE9DD94}.Release|Any CPU.Build.0 = Release|Any CPU
	EndGlobalSection
	GlobalSection(SolutionProperties) = preSolution
		HideSolutionNode = FALSE
	EndGlobalSection
	GlobalSection(ExtensibilityGlobals) = postSolution
		SolutionGuid = {430245C0-550C-4422-89F6-92E52EA16A85}
	EndGlobalSection
EndGlobal
